
Microsoft Visual Studio Solution File, Format Version 12.00
# Visual Studio Version 17
VisualStudioVersion = 17.0.31912.275
MinimumVisualStudioVersion = 10.0.40219.1
Project("{9A19103F-16F7-4668-BE54-9A1E7A4F7556}") = "ACT_Interfaces_Library", "ACT_Interfaces_Library\ACT_Interfaces_Library.csproj", "{46139467-1785-42F3-A25E-03EF180405A3}"
EndProject
Project("{D954291E-2A0B-460D-934E-DC6B0785DB48}") = "Resources", "..\..\ACT_Resources\Resources.shproj", "{48C2C9AB-5274-4BE2-BA97-3C3C81B271BA}"
EndProject
Global
	GlobalSection(SolutionConfigurationPlatforms) = preSolution
		Debug|Any CPU = Debug|Any CPU
		Debug|ARM64 = Debug|ARM64
		Debug|x64 = Debug|x64
		Release|Any CPU = Release|Any CPU
		Release|ARM64 = Release|ARM64
		Release|x64 = Release|x64
	EndGlobalSection
	GlobalSection(ProjectConfigurationPlatforms) = postSolution
		{46139467-1785-42F3-A25E-03EF180405A3}.Debug|Any CPU.ActiveCfg = Debug|Any CPU
		{46139467-1785-42F3-A25E-03EF180405A3}.Debug|Any CPU.Build.0 = Debug|Any CPU
		{46139467-1785-42F3-A25E-03EF180405A3}.Debug|ARM64.ActiveCfg = Debug|Any CPU
		{46139467-1785-42F3-A25E-03EF180405A3}.Debug|ARM64.Build.0 = Debug|Any CPU
		{46139467-1785-42F3-A25E-03EF180405A3}.Debug|x64.ActiveCfg = Debug|x64
		{46139467-1785-42F3-A25E-03EF180405A3}.Debug|x64.Build.0 = Debug|x64
		{46139467-1785-42F3-A25E-03EF180405A3}.Release|Any CPU.ActiveCfg = Release|Any CPU
		{46139467-1785-42F3-A25E-03EF180405A3}.Release|Any CPU.Build.0 = Release|Any CPU
		{46139467-1785-42F3-A25E-03EF180405A3}.Release|ARM64.ActiveCfg = Release|Any CPU
		{46139467-1785-42F3-A25E-03EF180405A3}.Release|ARM64.Build.0 = Release|Any CPU
		{46139467-1785-42F3-A25E-03EF180405A3}.Release|x64.ActiveCfg = Release|x64
		{46139467-1785-42F3-A25E-03EF180405A3}.Release|x64.Build.0 = Release|x64
	EndGlobalSection
	GlobalSection(SolutionProperties) = preSolution
		HideSolutionNode = FALSE
	EndGlobalSection
	GlobalSection(ExtensibilityGlobals) = postSolution
		SolutionGuid = {58D80FF9-5BEE-4C0A-B5AF-31F7EC78910F}
	EndGlobalSection
	GlobalSection(SharedMSBuildProjectFiles) = preSolution
		..\..\ACT_Resources\Resources.projitems*{48c2c9ab-5274-4be2-ba97-3c3c81b271ba}*SharedItemsImports = 13
	EndGlobalSection
EndGlobal
